
Microsoft Visual Studio Solution File, Format Version 12.00
# Visual Studio Version 16
VisualStudioVersion = 16.0.31624.102
MinimumVisualStudioVersion = 10.0.40219.1
Project("{FAE04EC0-301F-11D3-BF4B-00C04F79EFBC}") = "FormularioASP", "FormularioASP.csproj", "{C04F1917-019C-4C99-8A0F-D965E82DAFF5}"
EndProject
Global
	GlobalSection(SolutionConfigurationPlatforms) = preSolution
		Debug|Any CPU = Debug|Any CPU
		Release|Any CPU = Release|Any CPU
	EndGlobalSection
	GlobalSection(ProjectConfigurationPlatforms) = postSolution
		{C04F1917-019C-4C99-8A0F-D965E82DAFF5}.Debug|Any CPU.ActiveCfg = Debug|Any CPU
		{C04F1917-019C-4C99-8A0F-D965E82DAFF5}.Debug|Any CPU.Build.0 = Debug|Any CPU
		{C04F1917-019C-4C99-8A0F-D965E82DAFF5}.Release|Any CPU.ActiveCfg = Release|Any CPU
		{C04F1917-019C-4C99-8A0F-D965E82DAFF5}.Release|Any CPU.Build.0 = Release|Any CPU
	EndGlobalSection
	GlobalSection(SolutionProperties) = preSolution
		HideSolutionNode = FALSE
	EndGlobalSection
	GlobalSection(ExtensibilityGlobals) = postSolution
		SolutionGuid = {757AE8EF-7D4A-4573-AB23-CEA8AF253781}
	EndGlobalSection
EndGlobal
